
Microsoft Visual Studio Solution File, Format Version 12.00
# Visual Studio Version 16
VisualStudioVersion = 16.0.29613.14
MinimumVisualStudioVersion = 10.0.40219.1
Project("{FAE04EC0-301F-11D3-BF4B-00C04F79EFBC}") = "CROSSWORKERS.CHEMICLEAN.Data", "CROSSWORKERS.CHEMICLEAN.Data\CROSSWORKERS.CHEMICLEAN.Data.csproj", "{066B1B20-AC83-4CFD-88D0-D19CD914E474}"
EndProject
Project("{FAE04EC0-301F-11D3-BF4B-00C04F79EFBC}") = "CROSSWORKERS.CHEMICLEAN.Domain", "CROSSWORKERS.CHEMICLEAN.Domain\CROSSWORKERS.CHEMICLEAN.Domain.csproj", "{EAF1676A-0567-493E-9CD9-93CC19130270}"
EndProject
Project("{FAE04EC0-301F-11D3-BF4B-00C04F79EFBC}") = "CROSSWORKERS.CHEMICLEAN.Service", "CROSSWORKERS.CHEMICLEAN.Service\CROSSWORKERS.CHEMICLEAN.Service.csproj", "{FB15A1DE-7821-4735-AB4D-33D5F4772728}"
EndProject
Project("{FAE04EC0-301F-11D3-BF4B-00C04F79EFBC}") = "CROSSWORKERS.CHEMICLEAN.Utilities", "CROSSWORKERS.CHEMICLEAN.Utilities\CROSSWORKERS.CHEMICLEAN.Utilities.csproj", "{AA298309-921F-467C-B01B-61BCD08D4237}"
EndProject
Project("{FAE04EC0-301F-11D3-BF4B-00C04F79EFBC}") = "CROSSWORKERS.CHEMICLEAN.UnitTest", "CROSSWORKERS.CHEMICLEAN.UnitTest\CROSSWORKERS.CHEMICLEAN.UnitTest.csproj", "{B1C200A6-2E93-451A-93FF-98C6FABB951E}"
EndProject
Global
	GlobalSection(SolutionConfigurationPlatforms) = preSolution
		Debug|Any CPU = Debug|Any CPU
		Release|Any CPU = Release|Any CPU
	EndGlobalSection
	GlobalSection(ProjectConfigurationPlatforms) = postSolution
		{066B1B20-AC83-4CFD-88D0-D19CD914E474}.Debug|Any CPU.ActiveCfg = Debug|Any CPU
		{066B1B20-AC83-4CFD-88D0-D19CD914E474}.Debug|Any CPU.Build.0 = Debug|Any CPU
		{066B1B20-AC83-4CFD-88D0-D19CD914E474}.Release|Any CPU.ActiveCfg = Release|Any CPU
		{066B1B20-AC83-4CFD-88D0-D19CD914E474}.Release|Any CPU.Build.0 = Release|Any CPU
		{EAF1676A-0567-493E-9CD9-93CC19130270}.Debug|Any CPU.ActiveCfg = Debug|Any CPU
		{EAF1676A-0567-493E-9CD9-93CC19130270}.Debug|Any CPU.Build.0 = Debug|Any CPU
		{EAF1676A-0567-493E-9CD9-93CC19130270}.Release|Any CPU.ActiveCfg = Release|Any CPU
		{EAF1676A-0567-493E-9CD9-93CC19130270}.Release|Any CPU.Build.0 = Release|Any CPU
		{FB15A1DE-7821-4735-AB4D-33D5F4772728}.Debug|Any CPU.ActiveCfg = Debug|Any CPU
		{FB15A1DE-7821-4735-AB4D-33D5F4772728}.Debug|Any CPU.Build.0 = Debug|Any CPU
		{FB15A1DE-7821-4735-AB4D-33D5F4772728}.Release|Any CPU.ActiveCfg = Release|Any CPU
		{FB15A1DE-7821-4735-AB4D-33D5F4772728}.Release|Any CPU.Build.0 = Release|Any CPU
		{AA298309-921F-467C-B01B-61BCD08D4237}.Debug|Any CPU.ActiveCfg = Debug|Any CPU
		{AA298309-921F-467C-B01B-61BCD08D4237}.Debug|Any CPU.Build.0 = Debug|Any CPU
		{AA298309-921F-467C-B01B-61BCD08D4237}.Release|Any CPU.ActiveCfg = Release|Any CPU
		{AA298309-921F-467C-B01B-61BCD08D4237}.Release|Any CPU.Build.0 = Release|Any CPU
		{B1C200A6-2E93-451A-93FF-98C6FABB951E}.Debug|Any CPU.ActiveCfg = Debug|Any CPU
		{B1C200A6-2E93-451A-93FF-98C6FABB951E}.Debug|Any CPU.Build.0 = Debug|Any CPU
		{B1C200A6-2E93-451A-93FF-98C6FABB951E}.Release|Any CPU.ActiveCfg = Release|Any CPU
		{B1C200A6-2E93-451A-93FF-98C6FABB951E}.Release|Any CPU.Build.0 = Release|Any CPU
	EndGlobalSection
	GlobalSection(SolutionProperties) = preSolution
		HideSolutionNode = FALSE
	EndGlobalSection
	GlobalSection(ExtensibilityGlobals) = postSolution
		SolutionGuid = {CAB1089A-8CF8-45FA-B860-B8C2FCDA183B}
	EndGlobalSection
EndGlobal
